
Microsoft Visual Studio Solution File, Format Version 12.00
# Visual Studio Version 17
VisualStudioVersion = 17.13.35806.99 d17.13
MinimumVisualStudioVersion = 10.0.40219.1
Project("{F2A71F9B-5D33-465A-A702-920D77279786}") = "workscheduling", "workscheduling.fsproj", "{E694E788-A802-444A-A18B-F7005BF748B6}"
EndProject
Global
	GlobalSection(SolutionConfigurationPlatforms) = preSolution
		Debug|Any CPU = Debug|Any CPU
		Release|Any CPU = Release|Any CPU
	EndGlobalSection
	GlobalSection(ProjectConfigurationPlatforms) = postSolution
		{E694E788-A802-444A-A18B-F7005BF748B6}.Debug|Any CPU.ActiveCfg = Debug|Any CPU
		{E694E788-A802-444A-A18B-F7005BF748B6}.Debug|Any CPU.Build.0 = Debug|Any CPU
		{E694E788-A802-444A-A18B-F7005BF748B6}.Release|Any CPU.ActiveCfg = Release|Any CPU
		{E694E788-A802-444A-A18B-F7005BF748B6}.Release|Any CPU.Build.0 = Release|Any CPU
	EndGlobalSection
	GlobalSection(SolutionProperties) = preSolution
		HideSolutionNode = FALSE
	EndGlobalSection
	GlobalSection(ExtensibilityGlobals) = postSolution
		SolutionGuid = {F26D7DEB-C997-44BA-9457-43A28EFEDBD3}
	EndGlobalSection
EndGlobal
